// !$*UTF8*$!
{
	archiveVersion = 1;
	classes = {
	};
	objectVersion = 56;
	objects = {

/* Begin PBXBuildFile section */
		0D1354602B2135FF00208865 /* APIKeys.swift in Sources */ = {isa = PBXBuildFile; fileRef = 0D13545F2B2135FF00208865 /* APIKeys.swift */; };
		0D1354662B21382600208865 /* WeatherAPIBuilder.swift in Sources */ = {isa = PBXBuildFile; fileRef = 0D1354652B21382600208865 /* WeatherAPIBuilder.swift */; };
		0D1354682B213ABA00208865 /* WeatherModel.swift in Sources */ = {isa = PBXBuildFile; fileRef = 0D1354672B213ABA00208865 /* WeatherModel.swift */; };
		0D13546B2B22441700208865 /* NewsAPIBuilder.swift in Sources */ = {isa = PBXBuildFile; fileRef = 0D13546A2B22441700208865 /* NewsAPIBuilder.swift */; };
		0D13546D2B22442300208865 /* NewsModel.swift in Sources */ = {isa = PBXBuildFile; fileRef = 0D13546C2B22442300208865 /* NewsModel.swift */; };
		0D13546F2B26691D00208865 /* GNewsModel.swift in Sources */ = {isa = PBXBuildFile; fileRef = 0D13546E2B26691D00208865 /* GNewsModel.swift */; };
		0D1354732B26699000208865 /* GNewsAPIBuilder.swift in Sources */ = {isa = PBXBuildFile; fileRef = 0D1354722B26699000208865 /* GNewsAPIBuilder.swift */; };
		0D1354752B26827600208865 /* Generics.swift in Sources */ = {isa = PBXBuildFile; fileRef = 0D1354742B26827600208865 /* Generics.swift */; };
		0D48D7462B114367001E8989 /* HomePageView.swift in Sources */ = {isa = PBXBuildFile; fileRef = 0D48D7452B114367001E8989 /* HomePageView.swift */; };
		0D48D74A2B114FCE001E8989 /* LocationRelatedDataViewModel.swift in Sources */ = {isa = PBXBuildFile; fileRef = 0D48D7492B114FCE001E8989 /* LocationRelatedDataViewModel.swift */; };
		0D48D74C2B1163D8001E8989 /* ArticleDetailsView.swift in Sources */ = {isa = PBXBuildFile; fileRef = 0D48D74B2B1163D8001E8989 /* ArticleDetailsView.swift */; };
		0D48D74E2B13D157001E8989 /* ArticleListItemView.swift in Sources */ = {isa = PBXBuildFile; fileRef = 0D48D74D2B13D157001E8989 /* ArticleListItemView.swift */; };
		0D48D7512B13D40E001E8989 /* CustomText.swift in Sources */ = {isa = PBXBuildFile; fileRef = 0D48D7502B13D40E001E8989 /* CustomText.swift */; };
		0D48D7532B13DD70001E8989 /* ArticleViewModel.swift in Sources */ = {isa = PBXBuildFile; fileRef = 0D48D7522B13DD70001E8989 /* ArticleViewModel.swift */; };
		0D48D7552B13F2B9001E8989 /* ArticlesHorizontalListView.swift in Sources */ = {isa = PBXBuildFile; fileRef = 0D48D7542B13F2B9001E8989 /* ArticlesHorizontalListView.swift */; };
		0D57EDCB2B0EA185009DE125 /* NewsNuggetsApp.swift in Sources */ = {isa = PBXBuildFile; fileRef = 0D57EDCA2B0EA185009DE125 /* NewsNuggetsApp.swift */; };
		0D57EDCF2B0EA185009DE125 /* Item.swift in Sources */ = {isa = PBXBuildFile; fileRef = 0D57EDCE2B0EA185009DE125 /* Item.swift */; };
		0D57EDD12B0EA187009DE125 /* Assets.xcassets in Resources */ = {isa = PBXBuildFile; fileRef = 0D57EDD02B0EA187009DE125 /* Assets.xcassets */; };
		0D57EDD42B0EA187009DE125 /* Preview Assets.xcassets in Resources */ = {isa = PBXBuildFile; fileRef = 0D57EDD32B0EA187009DE125 /* Preview Assets.xcassets */; };
		0D57EDDE2B0EA187009DE125 /* NewsNuggetsTests.swift in Sources */ = {isa = PBXBuildFile; fileRef = 0D57EDDD2B0EA187009DE125 /* NewsNuggetsTests.swift */; };
		0D57EDE82B0EA187009DE125 /* NewsNuggetsUITests.swift in Sources */ = {isa = PBXBuildFile; fileRef = 0D57EDE72B0EA187009DE125 /* NewsNuggetsUITests.swift */; };
		0D57EDEA2B0EA187009DE125 /* NewsNuggetsUITestsLaunchTests.swift in Sources */ = {isa = PBXBuildFile; fileRef = 0D57EDE92B0EA187009DE125 /* NewsNuggetsUITestsLaunchTests.swift */; };
		0D57EDF82B0EA80C009DE125 /* SplashScreenView.swift in Sources */ = {isa = PBXBuildFile; fileRef = 0D57EDF72B0EA80C009DE125 /* SplashScreenView.swift */; };
		0D57EDFB2B0EA8F3009DE125 /* AssetsGroups.swift in Sources */ = {isa = PBXBuildFile; fileRef = 0D57EDFA2B0EA8F3009DE125 /* AssetsGroups.swift */; };
		0D57EDFD2B0EB2BE009DE125 /* Typography.swift in Sources */ = {isa = PBXBuildFile; fileRef = 0D57EDFC2B0EB2BE009DE125 /* Typography.swift */; };
		0D57EDFF2B0EB560009DE125 /* LandingPageView.swift in Sources */ = {isa = PBXBuildFile; fileRef = 0D57EDFE2B0EB560009DE125 /* LandingPageView.swift */; };
		0D57EE022B0EC8C0009DE125 /* Localizable.xcstrings in Resources */ = {isa = PBXBuildFile; fileRef = 0D57EE012B0EC8C0009DE125 /* Localizable.xcstrings */; };
		0D57EE042B0FF278009DE125 /* MainTabBarView.swift in Sources */ = {isa = PBXBuildFile; fileRef = 0D57EE032B0FF278009DE125 /* MainTabBarView.swift */; };
		0D57EE062B0FF32F009DE125 /* HomePageNavigationView.swift in Sources */ = {isa = PBXBuildFile; fileRef = 0D57EE052B0FF32F009DE125 /* HomePageNavigationView.swift */; };
		0D57EE082B101CD6009DE125 /* Colors.swift in Sources */ = {isa = PBXBuildFile; fileRef = 0D57EE072B101CD6009DE125 /* Colors.swift */; };
		0DB3CC8F2B1FD51800835810 /* APIManager.swift in Sources */ = {isa = PBXBuildFile; fileRef = 0DB3CC8E2B1FD51800835810 /* APIManager.swift */; };
		0DB3CC912B1FEA0400835810 /* EndpointType.swift in Sources */ = {isa = PBXBuildFile; fileRef = 0DB3CC902B1FEA0400835810 /* EndpointType.swift */; };
		0DB3CC932B1FEA5E00835810 /* HTTPMethod.swift in Sources */ = {isa = PBXBuildFile; fileRef = 0DB3CC922B1FEA5E00835810 /* HTTPMethod.swift */; };
		0DB3CC952B1FEA7000835810 /* HTTPTask.swift in Sources */ = {isa = PBXBuildFile; fileRef = 0DB3CC942B1FEA7000835810 /* HTTPTask.swift */; };
		0DB3CC972B1FEB1C00835810 /* ParametersEncoding.swift in Sources */ = {isa = PBXBuildFile; fileRef = 0DB3CC962B1FEB1C00835810 /* ParametersEncoding.swift */; };
		0DB3CC992B1FEB7500835810 /* Errors.swift in Sources */ = {isa = PBXBuildFile; fileRef = 0DB3CC982B1FEB7500835810 /* Errors.swift */; };
		0DB3CC9B2B1FEE3B00835810 /* EndpointsPaths.swift in Sources */ = {isa = PBXBuildFile; fileRef = 0DB3CC9A2B1FEE3B00835810 /* EndpointsPaths.swift */; };
		0DB3CC9E2B1FEEC600835810 /* Extensions.swift in Sources */ = {isa = PBXBuildFile; fileRef = 0DB3CC9D2B1FEEC600835810 /* Extensions.swift */; };
		0DB3CCA22B1FF1BB00835810 /* NetworkLogging.swift in Sources */ = {isa = PBXBuildFile; fileRef = 0DB3CCA12B1FF1BB00835810 /* NetworkLogging.swift */; };
		0DF66BCB2B15768600FB009C /* CustomBackButton.swift in Sources */ = {isa = PBXBuildFile; fileRef = 0DF66BCA2B15768600FB009C /* CustomBackButton.swift */; };
/* End PBXBuildFile section */

/* Begin PBXContainerItemProxy section */
		0D57EDDA2B0EA187009DE125 /* PBXContainerItemProxy */ = {
			isa = PBXContainerItemProxy;
			containerPortal = 0D57EDBF2B0EA185009DE125 /* Project object */;
			proxyType = 1;
			remoteGlobalIDString = 0D57EDC62B0EA185009DE125;
			remoteInfo = NewsNuggets;
		};
		0D57EDE42B0EA187009DE125 /* PBXContainerItemProxy */ = {
			isa = PBXContainerItemProxy;
			containerPortal = 0D57EDBF2B0EA185009DE125 /* Project object */;
			proxyType = 1;
			remoteGlobalIDString = 0D57EDC62B0EA185009DE125;
			remoteInfo = NewsNuggets;
		};
/* End PBXContainerItemProxy section */

/* Begin PBXFileReference section */
		0D13545F2B2135FF00208865 /* APIKeys.swift */ = {isa = PBXFileReference; lastKnownFileType = sourcecode.swift; path = APIKeys.swift; sourceTree = "<group>"; };
		0D1354652B21382600208865 /* WeatherAPIBuilder.swift */ = {isa = PBXFileReference; lastKnownFileType = sourcecode.swift; path = WeatherAPIBuilder.swift; sourceTree = "<group>"; };
		0D1354672B213ABA00208865 /* WeatherModel.swift */ = {isa = PBXFileReference; lastKnownFileType = sourcecode.swift; path = WeatherModel.swift; sourceTree = "<group>"; };
		0D13546A2B22441700208865 /* NewsAPIBuilder.swift */ = {isa = PBXFileReference; lastKnownFileType = sourcecode.swift; path = NewsAPIBuilder.swift; sourceTree = "<group>"; };
		0D13546C2B22442300208865 /* NewsModel.swift */ = {isa = PBXFileReference; lastKnownFileType = sourcecode.swift; path = NewsModel.swift; sourceTree = "<group>"; };
		0D13546E2B26691D00208865 /* GNewsModel.swift */ = {isa = PBXFileReference; lastKnownFileType = sourcecode.swift; path = GNewsModel.swift; sourceTree = "<group>"; };
		0D1354722B26699000208865 /* GNewsAPIBuilder.swift */ = {isa = PBXFileReference; lastKnownFileType = sourcecode.swift; path = GNewsAPIBuilder.swift; sourceTree = "<group>"; };
		0D1354742B26827600208865 /* Generics.swift */ = {isa = PBXFileReference; lastKnownFileType = sourcecode.swift; path = Generics.swift; sourceTree = "<group>"; };
		0D48D7452B114367001E8989 /* HomePageView.swift */ = {isa = PBXFileReference; lastKnownFileType = sourcecode.swift; path = HomePageView.swift; sourceTree = "<group>"; };
		0D48D7492B114FCE001E8989 /* LocationRelatedDataViewModel.swift */ = {isa = PBXFileReference; lastKnownFileType = sourcecode.swift; path = LocationRelatedDataViewModel.swift; sourceTree = "<group>"; };
		0D48D74B2B1163D8001E8989 /* ArticleDetailsView.swift */ = {isa = PBXFileReference; lastKnownFileType = sourcecode.swift; path = ArticleDetailsView.swift; sourceTree = "<group>"; };
		0D48D74D2B13D157001E8989 /* ArticleListItemView.swift */ = {isa = PBXFileReference; lastKnownFileType = sourcecode.swift; path = ArticleListItemView.swift; sourceTree = "<group>"; };
		0D48D7502B13D40E001E8989 /* CustomText.swift */ = {isa = PBXFileReference; lastKnownFileType = sourcecode.swift; path = CustomText.swift; sourceTree = "<group>"; };
		0D48D7522B13DD70001E8989 /* ArticleViewModel.swift */ = {isa = PBXFileReference; lastKnownFileType = sourcecode.swift; path = ArticleViewModel.swift; sourceTree = "<group>"; };
		0D48D7542B13F2B9001E8989 /* ArticlesHorizontalListView.swift */ = {isa = PBXFileReference; lastKnownFileType = sourcecode.swift; path = ArticlesHorizontalListView.swift; sourceTree = "<group>"; };
		0D57EDC72B0EA185009DE125 /* NewsNuggets.app */ = {isa = PBXFileReference; explicitFileType = wrapper.application; includeInIndex = 0; path = NewsNuggets.app; sourceTree = BUILT_PRODUCTS_DIR; };
		0D57EDCA2B0EA185009DE125 /* NewsNuggetsApp.swift */ = {isa = PBXFileReference; lastKnownFileType = sourcecode.swift; path = NewsNuggetsApp.swift; sourceTree = "<group>"; };
		0D57EDCE2B0EA185009DE125 /* Item.swift */ = {isa = PBXFileReference; lastKnownFileType = sourcecode.swift; path = Item.swift; sourceTree = "<group>"; };
		0D57EDD02B0EA187009DE125 /* Assets.xcassets */ = {isa = PBXFileReference; lastKnownFileType = folder.assetcatalog; path = Assets.xcassets; sourceTree = "<group>"; };
		0D57EDD32B0EA187009DE125 /* Preview Assets.xcassets */ = {isa = PBXFileReference; lastKnownFileType = folder.assetcatalog; path = "Preview Assets.xcassets"; sourceTree = "<group>"; };
		0D57EDD92B0EA187009DE125 /* NewsNuggetsTests.xctest */ = {isa = PBXFileReference; explicitFileType = wrapper.cfbundle; includeInIndex = 0; path = NewsNuggetsTests.xctest; sourceTree = BUILT_PRODUCTS_DIR; };
		0D57EDDD2B0EA187009DE125 /* NewsNuggetsTests.swift */ = {isa = PBXFileReference; lastKnownFileType = sourcecode.swift; path = NewsNuggetsTests.swift; sourceTree = "<group>"; };
		0D57EDE32B0EA187009DE125 /* NewsNuggetsUITests.xctest */ = {isa = PBXFileReference; explicitFileType = wrapper.cfbundle; includeInIndex = 0; path = NewsNuggetsUITests.xctest; sourceTree = BUILT_PRODUCTS_DIR; };
		0D57EDE72B0EA187009DE125 /* NewsNuggetsUITests.swift */ = {isa = PBXFileReference; lastKnownFileType = sourcecode.swift; path = NewsNuggetsUITests.swift; sourceTree = "<group>"; };
		0D57EDE92B0EA187009DE125 /* NewsNuggetsUITestsLaunchTests.swift */ = {isa = PBXFileReference; lastKnownFileType = sourcecode.swift; path = NewsNuggetsUITestsLaunchTests.swift; sourceTree = "<group>"; };
		0D57EDF72B0EA80C009DE125 /* SplashScreenView.swift */ = {isa = PBXFileReference; lastKnownFileType = sourcecode.swift; path = SplashScreenView.swift; sourceTree = "<group>"; };
		0D57EDFA2B0EA8F3009DE125 /* AssetsGroups.swift */ = {isa = PBXFileReference; lastKnownFileType = sourcecode.swift; path = AssetsGroups.swift; sourceTree = "<group>"; };
		0D57EDFC2B0EB2BE009DE125 /* Typography.swift */ = {isa = PBXFileReference; lastKnownFileType = sourcecode.swift; path = Typography.swift; sourceTree = "<group>"; };
		0D57EDFE2B0EB560009DE125 /* LandingPageView.swift */ = {isa = PBXFileReference; lastKnownFileType = sourcecode.swift; path = LandingPageView.swift; sourceTree = "<group>"; };
		0D57EE012B0EC8C0009DE125 /* Localizable.xcstrings */ = {isa = PBXFileReference; lastKnownFileType = text.json.xcstrings; path = Localizable.xcstrings; sourceTree = "<group>"; };
		0D57EE032B0FF278009DE125 /* MainTabBarView.swift */ = {isa = PBXFileReference; lastKnownFileType = sourcecode.swift; path = MainTabBarView.swift; sourceTree = "<group>"; };
		0D57EE052B0FF32F009DE125 /* HomePageNavigationView.swift */ = {isa = PBXFileReference; lastKnownFileType = sourcecode.swift; path = HomePageNavigationView.swift; sourceTree = "<group>"; };
		0D57EE072B101CD6009DE125 /* Colors.swift */ = {isa = PBXFileReference; lastKnownFileType = sourcecode.swift; path = Colors.swift; sourceTree = "<group>"; };
		0DB3CC8E2B1FD51800835810 /* APIManager.swift */ = {isa = PBXFileReference; lastKnownFileType = sourcecode.swift; path = APIManager.swift; sourceTree = "<group>"; };
		0DB3CC902B1FEA0400835810 /* EndpointType.swift */ = {isa = PBXFileReference; lastKnownFileType = sourcecode.swift; path = EndpointType.swift; sourceTree = "<group>"; };
		0DB3CC922B1FEA5E00835810 /* HTTPMethod.swift */ = {isa = PBXFileReference; lastKnownFileType = sourcecode.swift; path = HTTPMethod.swift; sourceTree = "<group>"; };
		0DB3CC942B1FEA7000835810 /* HTTPTask.swift */ = {isa = PBXFileReference; lastKnownFileType = sourcecode.swift; path = HTTPTask.swift; sourceTree = "<group>"; };
		0DB3CC962B1FEB1C00835810 /* ParametersEncoding.swift */ = {isa = PBXFileReference; lastKnownFileType = sourcecode.swift; path = ParametersEncoding.swift; sourceTree = "<group>"; };
		0DB3CC982B1FEB7500835810 /* Errors.swift */ = {isa = PBXFileReference; lastKnownFileType = sourcecode.swift; path = Errors.swift; sourceTree = "<group>"; };
		0DB3CC9A2B1FEE3B00835810 /* EndpointsPaths.swift */ = {isa = PBXFileReference; lastKnownFileType = sourcecode.swift; path = EndpointsPaths.swift; sourceTree = "<group>"; };
		0DB3CC9D2B1FEEC600835810 /* Extensions.swift */ = {isa = PBXFileReference; lastKnownFileType = sourcecode.swift; path = Extensions.swift; sourceTree = "<group>"; };
		0DB3CCA12B1FF1BB00835810 /* NetworkLogging.swift */ = {isa = PBXFileReference; lastKnownFileType = sourcecode.swift; path = NetworkLogging.swift; sourceTree = "<group>"; };
		0DF66BCA2B15768600FB009C /* CustomBackButton.swift */ = {isa = PBXFileReference; lastKnownFileType = sourcecode.swift; path = CustomBackButton.swift; sourceTree = "<group>"; };
/* End PBXFileReference section */

/* Begin PBXFrameworksBuildPhase section */
		0D57EDC42B0EA185009DE125 /* Frameworks */ = {
			isa = PBXFrameworksBuildPhase;
			buildActionMask = 2147483647;
			files = (
			);
			runOnlyForDeploymentPostprocessing = 0;
		};
		0D57EDD62B0EA187009DE125 /* Frameworks */ = {
			isa = PBXFrameworksBuildPhase;
			buildActionMask = 2147483647;
			files = (
			);
			runOnlyForDeploymentPostprocessing = 0;
		};
		0D57EDE02B0EA187009DE125 /* Frameworks */ = {
			isa = PBXFrameworksBuildPhase;
			buildActionMask = 2147483647;
			files = (
			);
			runOnlyForDeploymentPostprocessing = 0;
		};
/* End PBXFrameworksBuildPhase section */

/* Begin PBXGroup section */
		0D1354612B2137AC00208865 /* Managers */ = {
			isa = PBXGroup;
			children = (
			);
			path = Managers;
			sourceTree = "<group>";
		};
		0D1354642B21381600208865 /* Weather */ = {
			isa = PBXGroup;
			children = (
				0D1354652B21382600208865 /* WeatherAPIBuilder.swift */,
				0D1354672B213ABA00208865 /* WeatherModel.swift */,
			);
			path = Weather;
			sourceTree = "<group>";
		};
		0D1354692B2243FF00208865 /* News */ = {
			isa = PBXGroup;
			children = (
				0D1354712B26696500208865 /* News */,
				0D1354702B26695D00208865 /* GNews */,
				0D1354742B26827600208865 /* Generics.swift */,
			);
			path = News;
			sourceTree = "<group>";
		};
		0D1354702B26695D00208865 /* GNews */ = {
			isa = PBXGroup;
			children = (
				0D13546E2B26691D00208865 /* GNewsModel.swift */,
				0D1354722B26699000208865 /* GNewsAPIBuilder.swift */,
			);
			path = GNews;
			sourceTree = "<group>";
		};
		0D1354712B26696500208865 /* News */ = {
			isa = PBXGroup;
			children = (
				0D13546A2B22441700208865 /* NewsAPIBuilder.swift */,
				0D13546C2B22442300208865 /* NewsModel.swift */,
			);
			path = News;
			sourceTree = "<group>";
		};
		0D48D7442B114353001E8989 /* Home */ = {
			isa = PBXGroup;
			children = (
				0D57EE052B0FF32F009DE125 /* HomePageNavigationView.swift */,
				0D48D7452B114367001E8989 /* HomePageView.swift */,
				0D48D74B2B1163D8001E8989 /* ArticleDetailsView.swift */,
				0D48D74D2B13D157001E8989 /* ArticleListItemView.swift */,
				0D48D7542B13F2B9001E8989 /* ArticlesHorizontalListView.swift */,
			);
			path = Home;
			sourceTree = "<group>";
		};
		0D48D7472B114FB0001E8989 /* Models */ = {
			isa = PBXGroup;
			children = (
				0D1354692B2243FF00208865 /* News */,
				0D1354642B21381600208865 /* Weather */,
			);
			path = Models;
			sourceTree = "<group>";
		};
		0D48D7482B114FBB001E8989 /* ViewModels */ = {
			isa = PBXGroup;
			children = (
				0D48D7492B114FCE001E8989 /* LocationRelatedDataViewModel.swift */,
				0D48D7522B13DD70001E8989 /* ArticleViewModel.swift */,
			);
			path = ViewModels;
			sourceTree = "<group>";
		};
		0D48D74F2B13D3F9001E8989 /* Modules */ = {
			isa = PBXGroup;
			children = (
				0D48D7502B13D40E001E8989 /* CustomText.swift */,
				0DF66BCA2B15768600FB009C /* CustomBackButton.swift */,
			);
			path = Modules;
			sourceTree = "<group>";
		};
		0D57EDBE2B0EA185009DE125 = {
			isa = PBXGroup;
			children = (
				0D57EDC92B0EA185009DE125 /* NewsNuggets */,
				0D57EDDC2B0EA187009DE125 /* NewsNuggetsTests */,
				0D57EDE62B0EA187009DE125 /* NewsNuggetsUITests */,
				0D57EDC82B0EA185009DE125 /* Products */,
			);
			sourceTree = "<group>";
		};
		0D57EDC82B0EA185009DE125 /* Products */ = {
			isa = PBXGroup;
			children = (
				0D57EDC72B0EA185009DE125 /* NewsNuggets.app */,
				0D57EDD92B0EA187009DE125 /* NewsNuggetsTests.xctest */,
				0D57EDE32B0EA187009DE125 /* NewsNuggetsUITests.xctest */,
			);
			name = Products;
			sourceTree = "<group>";
		};
		0D57EDC92B0EA185009DE125 /* NewsNuggets */ = {
			isa = PBXGroup;
			children = (
				0D1354612B2137AC00208865 /* Managers */,
				0DB3CC9C2B1FEEB800835810 /* Helpers */,
				0DB3CC8D2B1FD50100835810 /* Network */,
				0D57EE002B0EC813009DE125 /* Localization */,
				0D57EDF92B0EA89E009DE125 /* Constants */,
				0D48D7472B114FB0001E8989 /* Models */,
				0D48D7482B114FBB001E8989 /* ViewModels */,
				0D57EDF62B0EA7F9009DE125 /* Views */,
				0D57EDCA2B0EA185009DE125 /* NewsNuggetsApp.swift */,
				0D57EDCE2B0EA185009DE125 /* Item.swift */,
				0D57EDD02B0EA187009DE125 /* Assets.xcassets */,
				0D57EDD22B0EA187009DE125 /* Preview Content */,
			);
			path = NewsNuggets;
			sourceTree = "<group>";
		};
		0D57EDD22B0EA187009DE125 /* Preview Content */ = {
			isa = PBXGroup;
			children = (
				0D57EDD32B0EA187009DE125 /* Preview Assets.xcassets */,
			);
			path = "Preview Content";
			sourceTree = "<group>";
		};
		0D57EDDC2B0EA187009DE125 /* NewsNuggetsTests */ = {
			isa = PBXGroup;
			children = (
				0D57EDDD2B0EA187009DE125 /* NewsNuggetsTests.swift */,
			);
			path = NewsNuggetsTests;
			sourceTree = "<group>";
		};
		0D57EDE62B0EA187009DE125 /* NewsNuggetsUITests */ = {
			isa = PBXGroup;
			children = (
				0D57EDE72B0EA187009DE125 /* NewsNuggetsUITests.swift */,
				0D57EDE92B0EA187009DE125 /* NewsNuggetsUITestsLaunchTests.swift */,
			);
			path = NewsNuggetsUITests;
			sourceTree = "<group>";
		};
		0D57EDF62B0EA7F9009DE125 /* Views */ = {
			isa = PBXGroup;
			children = (
				0D48D74F2B13D3F9001E8989 /* Modules */,
				0D48D7442B114353001E8989 /* Home */,
				0D57EDF72B0EA80C009DE125 /* SplashScreenView.swift */,
				0D57EDFE2B0EB560009DE125 /* LandingPageView.swift */,
				0D57EE032B0FF278009DE125 /* MainTabBarView.swift */,
			);
			path = Views;
			sourceTree = "<group>";
		};
		0D57EDF92B0EA89E009DE125 /* Constants */ = {
			isa = PBXGroup;
			children = (
				0D57EDFA2B0EA8F3009DE125 /* AssetsGroups.swift */,
				0D57EDFC2B0EB2BE009DE125 /* Typography.swift */,
				0D57EE072B101CD6009DE125 /* Colors.swift */,
			);
			path = Constants;
			sourceTree = "<group>";
		};
		0D57EE002B0EC813009DE125 /* Localization */ = {
			isa = PBXGroup;
			children = (
				0D57EE012B0EC8C0009DE125 /* Localizable.xcstrings */,
			);
			path = Localization;
			sourceTree = "<group>";
		};
		0DB3CC8D2B1FD50100835810 /* Network */ = {
			isa = PBXGroup;
			children = (
				0DB3CC8E2B1FD51800835810 /* APIManager.swift */,
				0DB3CC902B1FEA0400835810 /* EndpointType.swift */,
				0DB3CC922B1FEA5E00835810 /* HTTPMethod.swift */,
				0DB3CC942B1FEA7000835810 /* HTTPTask.swift */,
				0DB3CC962B1FEB1C00835810 /* ParametersEncoding.swift */,
				0DB3CC982B1FEB7500835810 /* Errors.swift */,
				0DB3CC9A2B1FEE3B00835810 /* EndpointsPaths.swift */,
				0DB3CCA12B1FF1BB00835810 /* NetworkLogging.swift */,
				0D13545F2B2135FF00208865 /* APIKeys.swift */,
			);
			path = Network;
			sourceTree = "<group>";
		};
		0DB3CC9C2B1FEEB800835810 /* Helpers */ = {
			isa = PBXGroup;
			children = (
				0DB3CC9D2B1FEEC600835810 /* Extensions.swift */,
			);
			path = Helpers;
			sourceTree = "<group>";
		};
/* End PBXGroup section */

/* Begin PBXNativeTarget section */
		0D57EDC62B0EA185009DE125 /* NewsNuggets */ = {
			isa = PBXNativeTarget;
			buildConfigurationList = 0D57EDED2B0EA187009DE125 /* Build configuration list for PBXNativeTarget "NewsNuggets" */;
			buildPhases = (
				0D57EDC32B0EA185009DE125 /* Sources */,
				0D57EDC42B0EA185009DE125 /* Frameworks */,
				0D57EDC52B0EA185009DE125 /* Resources */,
			);
			buildRules = (
			);
			dependencies = (
			);
			name = NewsNuggets;
			productName = NewsNuggets;
			productReference = 0D57EDC72B0EA185009DE125 /* NewsNuggets.app */;
			productType = "com.apple.product-type.application";
		};
		0D57EDD82B0EA187009DE125 /* NewsNuggetsTests */ = {
			isa = PBXNativeTarget;
			buildConfigurationList = 0D57EDF02B0EA187009DE125 /* Build configuration list for PBXNativeTarget "NewsNuggetsTests" */;
			buildPhases = (
				0D57EDD52B0EA187009DE125 /* Sources */,
				0D57EDD62B0EA187009DE125 /* Frameworks */,
				0D57EDD72B0EA187009DE125 /* Resources */,
			);
			buildRules = (
			);
			dependencies = (
				0D57EDDB2B0EA187009DE125 /* PBXTargetDependency */,
			);
			name = NewsNuggetsTests;
			productName = NewsNuggetsTests;
			productReference = 0D57EDD92B0EA187009DE125 /* NewsNuggetsTests.xctest */;
			productType = "com.apple.product-type.bundle.unit-test";
		};
		0D57EDE22B0EA187009DE125 /* NewsNuggetsUITests */ = {
			isa = PBXNativeTarget;
			buildConfigurationList = 0D57EDF32B0EA187009DE125 /* Build configuration list for PBXNativeTarget "NewsNuggetsUITests" */;
			buildPhases = (
				0D57EDDF2B0EA187009DE125 /* Sources */,
				0D57EDE02B0EA187009DE125 /* Frameworks */,
				0D57EDE12B0EA187009DE125 /* Resources */,
			);
			buildRules = (
			);
			dependencies = (
				0D57EDE52B0EA187009DE125 /* PBXTargetDependency */,
			);
			name = NewsNuggetsUITests;
			productName = NewsNuggetsUITests;
			productReference = 0D57EDE32B0EA187009DE125 /* NewsNuggetsUITests.xctest */;
			productType = "com.apple.product-type.bundle.ui-testing";
		};
/* End PBXNativeTarget section */

/* Begin PBXProject section */
		0D57EDBF2B0EA185009DE125 /* Project object */ = {
			isa = PBXProject;
			attributes = {
				BuildIndependentTargetsInParallel = 1;
				LastSwiftUpdateCheck = 1500;
				LastUpgradeCheck = 1500;
				TargetAttributes = {
					0D57EDC62B0EA185009DE125 = {
						CreatedOnToolsVersion = 15.0.1;
					};
					0D57EDD82B0EA187009DE125 = {
						CreatedOnToolsVersion = 15.0.1;
						TestTargetID = 0D57EDC62B0EA185009DE125;
					};
					0D57EDE22B0EA187009DE125 = {
						CreatedOnToolsVersion = 15.0.1;
						TestTargetID = 0D57EDC62B0EA185009DE125;
					};
				};
			};
			buildConfigurationList = 0D57EDC22B0EA185009DE125 /* Build configuration list for PBXProject "NewsNuggets" */;
			compatibilityVersion = "Xcode 14.0";
			developmentRegion = en;
			hasScannedForEncodings = 0;
			knownRegions = (
				en,
				Base,
				ar,
			);
			mainGroup = 0D57EDBE2B0EA185009DE125;
			productRefGroup = 0D57EDC82B0EA185009DE125 /* Products */;
			projectDirPath = "";
			projectRoot = "";
			targets = (
				0D57EDC62B0EA185009DE125 /* NewsNuggets */,
				0D57EDD82B0EA187009DE125 /* NewsNuggetsTests */,
				0D57EDE22B0EA187009DE125 /* NewsNuggetsUITests */,
			);
		};
/* End PBXProject section */

/* Begin PBXResourcesBuildPhase section */
		0D57EDC52B0EA185009DE125 /* Resources */ = {
			isa = PBXResourcesBuildPhase;
			buildActionMask = 2147483647;
			files = (
				0D57EDD42B0EA187009DE125 /* Preview Assets.xcassets in Resources */,
				0D57EDD12B0EA187009DE125 /* Assets.xcassets in Resources */,
				0D57EE022B0EC8C0009DE125 /* Localizable.xcstrings in Resources */,
			);
			runOnlyForDeploymentPostprocessing = 0;
		};
		0D57EDD72B0EA187009DE125 /* Resources */ = {
			isa = PBXResourcesBuildPhase;
			buildActionMask = 2147483647;
			files = (
			);
			runOnlyForDeploymentPostprocessing = 0;
		};
		0D57EDE12B0EA187009DE125 /* Resources */ = {
			isa = PBXResourcesBuildPhase;
			buildActionMask = 2147483647;
			files = (
			);
			runOnlyForDeploymentPostprocessing = 0;
		};
/* End PBXResourcesBuildPhase section */

/* Begin PBXSourcesBuildPhase section */
		0D57EDC32B0EA185009DE125 /* Sources */ = {
			isa = PBXSourcesBuildPhase;
			buildActionMask = 2147483647;
			files = (
				0D13546F2B26691D00208865 /* GNewsModel.swift in Sources */,
				0DB3CC952B1FEA7000835810 /* HTTPTask.swift in Sources */,
				0D1354682B213ABA00208865 /* WeatherModel.swift in Sources */,
				0D57EE082B101CD6009DE125 /* Colors.swift in Sources */,
				0DB3CCA22B1FF1BB00835810 /* NetworkLogging.swift in Sources */,
				0D57EDCF2B0EA185009DE125 /* Item.swift in Sources */,
				0D57EDFB2B0EA8F3009DE125 /* AssetsGroups.swift in Sources */,
				0D1354732B26699000208865 /* GNewsAPIBuilder.swift in Sources */,
				0D48D7532B13DD70001E8989 /* ArticleViewModel.swift in Sources */,
				0D48D74A2B114FCE001E8989 /* LocationRelatedDataViewModel.swift in Sources */,
				0D48D74E2B13D157001E8989 /* ArticleListItemView.swift in Sources */,
				0D48D7552B13F2B9001E8989 /* ArticlesHorizontalListView.swift in Sources */,
				0D57EDCB2B0EA185009DE125 /* NewsNuggetsApp.swift in Sources */,
				0DB3CC932B1FEA5E00835810 /* HTTPMethod.swift in Sources */,
				0DB3CC912B1FEA0400835810 /* EndpointType.swift in Sources */,
				0D1354602B2135FF00208865 /* APIKeys.swift in Sources */,
				0DB3CC9B2B1FEE3B00835810 /* EndpointsPaths.swift in Sources */,
				0D13546B2B22441700208865 /* NewsAPIBuilder.swift in Sources */,
				0DF66BCB2B15768600FB009C /* CustomBackButton.swift in Sources */,
				0D48D7462B114367001E8989 /* HomePageView.swift in Sources */,
				0D13546D2B22442300208865 /* NewsModel.swift in Sources */,
				0D1354752B26827600208865 /* Generics.swift in Sources */,
				0D48D7512B13D40E001E8989 /* CustomText.swift in Sources */,
				0D57EE042B0FF278009DE125 /* MainTabBarView.swift in Sources */,
				0DB3CC8F2B1FD51800835810 /* APIManager.swift in Sources */,
				0D48D74C2B1163D8001E8989 /* ArticleDetailsView.swift in Sources */,
				0D57EDFF2B0EB560009DE125 /* LandingPageView.swift in Sources */,
				0DB3CC992B1FEB7500835810 /* Errors.swift in Sources */,
				0DB3CC9E2B1FEEC600835810 /* Extensions.swift in Sources */,
				0DB3CC972B1FEB1C00835810 /* ParametersEncoding.swift in Sources */,
				0D57EDFD2B0EB2BE009DE125 /* Typography.swift in Sources */,
				0D57EE062B0FF32F009DE125 /* HomePageNavigationView.swift in Sources */,
				0D57EDF82B0EA80C009DE125 /* SplashScreenView.swift in Sources */,
				0D1354662B21382600208865 /* WeatherAPIBuilder.swift in Sources */,
			);
			runOnlyForDeploymentPostprocessing = 0;
		};
		0D57EDD52B0EA187009DE125 /* Sources */ = {
			isa = PBXSourcesBuildPhase;
			buildActionMask = 2147483647;
			files = (
				0D57EDDE2B0EA187009DE125 /* NewsNuggetsTests.swift in Sources */,
			);
			runOnlyForDeploymentPostprocessing = 0;
		};
		0D57EDDF2B0EA187009DE125 /* Sources */ = {
			isa = PBXSourcesBuildPhase;
			buildActionMask = 2147483647;
			files = (
				0D57EDE82B0EA187009DE125 /* NewsNuggetsUITests.swift in Sources */,
				0D57EDEA2B0EA187009DE125 /* NewsNuggetsUITestsLaunchTests.swift in Sources */,
			);
			runOnlyForDeploymentPostprocessing = 0;
		};
/* End PBXSourcesBuildPhase section */

/* Begin PBXTargetDependency section */
		0D57EDDB2B0EA187009DE125 /* PBXTargetDependency */ = {
			isa = PBXTargetDependency;
			target = 0D57EDC62B0EA185009DE125 /* NewsNuggets */;
			targetProxy = 0D57EDDA2B0EA187009DE125 /* PBXContainerItemProxy */;
		};
		0D57EDE52B0EA187009DE125 /* PBXTargetDependency */ = {
			isa = PBXTargetDependency;
			target = 0D57EDC62B0EA185009DE125 /* NewsNuggets */;
			targetProxy = 0D57EDE42B0EA187009DE125 /* PBXContainerItemProxy */;
		};
/* End PBXTargetDependency section */

/* Begin XCBuildConfiguration section */
		0D57EDEB2B0EA187009DE125 /* Debug */ = {
			isa = XCBuildConfiguration;
			buildSettings = {
				ALWAYS_SEARCH_USER_PATHS = NO;
				ASSETCATALOG_COMPILER_GENERATE_SWIFT_ASSET_SYMBOL_EXTENSIONS = YES;
				CLANG_ANALYZER_NONNULL = YES;
				CLANG_ANALYZER_NUMBER_OBJECT_CONVERSION = YES_AGGRESSIVE;
				CLANG_CXX_LANGUAGE_STANDARD = "gnu++20";
				CLANG_ENABLE_MODULES = YES;
				CLANG_ENABLE_OBJC_ARC = YES;
				CLANG_ENABLE_OBJC_WEAK = YES;
				CLANG_WARN_BLOCK_CAPTURE_AUTORELEASING = YES;
				CLANG_WARN_BOOL_CONVERSION = YES;
				CLANG_WARN_COMMA = YES;
				CLANG_WARN_CONSTANT_CONVERSION = YES;
				CLANG_WARN_DEPRECATED_OBJC_IMPLEMENTATIONS = YES;
				CLANG_WARN_DIRECT_OBJC_ISA_USAGE = YES_ERROR;
				CLANG_WARN_DOCUMENTATION_COMMENTS = YES;
				CLANG_WARN_EMPTY_BODY = YES;
				CLANG_WARN_ENUM_CONVERSION = YES;
				CLANG_WARN_INFINITE_RECURSION = YES;
				CLANG_WARN_INT_CONVERSION = YES;
				CLANG_WARN_NON_LITERAL_NULL_CONVERSION = YES;
				CLANG_WARN_OBJC_IMPLICIT_RETAIN_SELF = YES;
				CLANG_WARN_OBJC_LITERAL_CONVERSION = YES;
				CLANG_WARN_OBJC_ROOT_CLASS = YES_ERROR;
				CLANG_WARN_QUOTED_INCLUDE_IN_FRAMEWORK_HEADER = YES;
				CLANG_WARN_RANGE_LOOP_ANALYSIS = YES;
				CLANG_WARN_STRICT_PROTOTYPES = YES;
				CLANG_WARN_SUSPICIOUS_MOVE = YES;
				CLANG_WARN_UNGUARDED_AVAILABILITY = YES_AGGRESSIVE;
				CLANG_WARN_UNREACHABLE_CODE = YES;
				CLANG_WARN__DUPLICATE_METHOD_MATCH = YES;
				COPY_PHASE_STRIP = NO;
				DEBUG_INFORMATION_FORMAT = dwarf;
				ENABLE_STRICT_OBJC_MSGSEND = YES;
				ENABLE_TESTABILITY = YES;
				ENABLE_USER_SCRIPT_SANDBOXING = YES;
				GCC_C_LANGUAGE_STANDARD = gnu17;
				GCC_DYNAMIC_NO_PIC = NO;
				GCC_NO_COMMON_BLOCKS = YES;
				GCC_OPTIMIZATION_LEVEL = 0;
				GCC_PREPROCESSOR_DEFINITIONS = (
					"DEBUG=1",
					"$(inherited)",
				);
				GCC_WARN_64_TO_32_BIT_CONVERSION = YES;
				GCC_WARN_ABOUT_RETURN_TYPE = YES_ERROR;
				GCC_WARN_UNDECLARED_SELECTOR = YES;
				GCC_WARN_UNINITIALIZED_AUTOS = YES_AGGRESSIVE;
				GCC_WARN_UNUSED_FUNCTION = YES;
				GCC_WARN_UNUSED_VARIABLE = YES;
				IPHONEOS_DEPLOYMENT_TARGET = 17.0;
				LOCALIZATION_PREFERS_STRING_CATALOGS = YES;
				MTL_ENABLE_DEBUG_INFO = INCLUDE_SOURCE;
				MTL_FAST_MATH = YES;
				ONLY_ACTIVE_ARCH = YES;
				SDKROOT = iphoneos;
				SWIFT_ACTIVE_COMPILATION_CONDITIONS = "DEBUG $(inherited)";
				SWIFT_OPTIMIZATION_LEVEL = "-Onone";
			};
			name = Debug;
		};
		0D57EDEC2B0EA187009DE125 /* Release */ = {
			isa = XCBuildConfiguration;
			buildSettings = {
				ALWAYS_SEARCH_USER_PATHS = NO;
				ASSETCATALOG_COMPILER_GENERATE_SWIFT_ASSET_SYMBOL_EXTENSIONS = YES;
				CLANG_ANALYZER_NONNULL = YES;
				CLANG_ANALYZER_NUMBER_OBJECT_CONVERSION = YES_AGGRESSIVE;
				CLANG_CXX_LANGUAGE_STANDARD = "gnu++20";
				CLANG_ENABLE_MODULES = YES;
				CLANG_ENABLE_OBJC_ARC = YES;
				CLANG_ENABLE_OBJC_WEAK = YES;
				CLANG_WARN_BLOCK_CAPTURE_AUTORELEASING = YES;
				CLANG_WARN_BOOL_CONVERSION = YES;
				CLANG_WARN_COMMA = YES;
				CLANG_WARN_CONSTANT_CONVERSION = YES;
				CLANG_WARN_DEPRECATED_OBJC_IMPLEMENTATIONS = YES;
				CLANG_WARN_DIRECT_OBJC_ISA_USAGE = YES_ERROR;
				CLANG_WARN_DOCUMENTATION_COMMENTS = YES;
				CLANG_WARN_EMPTY_BODY = YES;
				CLANG_WARN_ENUM_CONVERSION = YES;
				CLANG_WARN_INFINITE_RECURSION = YES;
				CLANG_WARN_INT_CONVERSION = YES;
				CLANG_WARN_NON_LITERAL_NULL_CONVERSION = YES;
				CLANG_WARN_OBJC_IMPLICIT_RETAIN_SELF = YES;
				CLANG_WARN_OBJC_LITERAL_CONVERSION = YES;
				CLANG_WARN_OBJC_ROOT_CLASS = YES_ERROR;
				CLANG_WARN_QUOTED_INCLUDE_IN_FRAMEWORK_HEADER = YES;
				CLANG_WARN_RANGE_LOOP_ANALYSIS = YES;
				CLANG_WARN_STRICT_PROTOTYPES = YES;
				CLANG_WARN_SUSPICIOUS_MOVE = YES;
				CLANG_WARN_UNGUARDED_AVAILABILITY = YES_AGGRESSIVE;
				CLANG_WARN_UNREACHABLE_CODE = YES;
				CLANG_WARN__DUPLICATE_METHOD_MATCH = YES;
				COPY_PHASE_STRIP = NO;
				DEBUG_INFORMATION_FORMAT = "dwarf-with-dsym";
				ENABLE_NS_ASSERTIONS = NO;
				ENABLE_STRICT_OBJC_MSGSEND = YES;
				ENABLE_USER_SCRIPT_SANDBOXING = YES;
				GCC_C_LANGUAGE_STANDARD = gnu17;
				GCC_NO_COMMON_BLOCKS = YES;
				GCC_WARN_64_TO_32_BIT_CONVERSION = YES;
				GCC_WARN_ABOUT_RETURN_TYPE = YES_ERROR;
				GCC_WARN_UNDECLARED_SELECTOR = YES;
				GCC_WARN_UNINITIALIZED_AUTOS = YES_AGGRESSIVE;
				GCC_WARN_UNUSED_FUNCTION = YES;
				GCC_WARN_UNUSED_VARIABLE = YES;
				IPHONEOS_DEPLOYMENT_TARGET = 17.0;
				LOCALIZATION_PREFERS_STRING_CATALOGS = YES;
				MTL_ENABLE_DEBUG_INFO = NO;
				MTL_FAST_MATH = YES;
				SDKROOT = iphoneos;
				SWIFT_COMPILATION_MODE = wholemodule;
				VALIDATE_PRODUCT = YES;
			};
			name = Release;
		};
		0D57EDEE2B0EA187009DE125 /* Debug */ = {
			isa = XCBuildConfiguration;
			buildSettings = {
				ASSETCATALOG_COMPILER_APPICON_NAME = AppIcon;
				ASSETCATALOG_COMPILER_GLOBAL_ACCENT_COLOR_NAME = AccentColor;
				CODE_SIGN_STYLE = Automatic;
				CURRENT_PROJECT_VERSION = 1;
				DEVELOPMENT_ASSET_PATHS = "\"NewsNuggets/Preview Content\"";
				DEVELOPMENT_TEAM = NC7G924HW9;
				ENABLE_PREVIEWS = YES;
				GENERATE_INFOPLIST_FILE = YES;
				INFOPLIST_KEY_NSLocationAlwaysAndWhenInUseUsageDescription = "We need to access location to provide you with data from your location";
				INFOPLIST_KEY_NSLocationAlwaysUsageDescription = "We need to access location to provide you with data from your location";
				INFOPLIST_KEY_NSLocationUsageDescription = "We need to access location to provide you with data from your location";
				INFOPLIST_KEY_NSLocationWhenInUseUsageDescription = "We need to access location to provide you with data from your location";
				INFOPLIST_KEY_UIApplicationSceneManifest_Generation = YES;
				INFOPLIST_KEY_UIApplicationSupportsIndirectInputEvents = YES;
				INFOPLIST_KEY_UILaunchScreen_Generation = YES;
				INFOPLIST_KEY_UISupportedInterfaceOrientations = UIInterfaceOrientationPortrait;
				LD_RUNPATH_SEARCH_PATHS = (
					"$(inherited)",
					"@executable_path/Frameworks",
				);
				MARKETING_VERSION = 1.0;
				PRODUCT_BUNDLE_IDENTIFIER = com.Mostafa3la2.NewsNuggets;
				PRODUCT_NAME = "$(TARGET_NAME)";
				SWIFT_EMIT_LOC_STRINGS = YES;
				SWIFT_VERSION = 5.0;
				TARGETED_DEVICE_FAMILY = "1,2";
			};
			name = Debug;
		};
		0D57EDEF2B0EA187009DE125 /* Release */ = {
			isa = XCBuildConfiguration;
			buildSettings = {
				ASSETCATALOG_COMPILER_APPICON_NAME = AppIcon;
				ASSETCATALOG_COMPILER_GLOBAL_ACCENT_COLOR_NAME = AccentColor;
				CODE_SIGN_STYLE = Automatic;
				CURRENT_PROJECT_VERSION = 1;
				DEVELOPMENT_ASSET_PATHS = "\"NewsNuggets/Preview Content\"";
				DEVELOPMENT_TEAM = NC7G924HW9;
				ENABLE_PREVIEWS = YES;
				GENERATE_INFOPLIST_FILE = YES;
				INFOPLIST_KEY_NSLocationAlwaysAndWhenInUseUsageDescription = "We need to access location to provide you with data from your location";
				INFOPLIST_KEY_NSLocationAlwaysUsageDescription = "We need to access location to provide you with data from your location";
				INFOPLIST_KEY_NSLocationUsageDescription = "We need to access location to provide you with data from your location";
				INFOPLIST_KEY_NSLocationWhenInUseUsageDescription = "We need to access location to provide you with data from your location";
				INFOPLIST_KEY_UIApplicationSceneManifest_Generation = YES;
				INFOPLIST_KEY_UIApplicationSupportsIndirectInputEvents = YES;
				INFOPLIST_KEY_UILaunchScreen_Generation = YES;
				INFOPLIST_KEY_UISupportedInterfaceOrientations = UIInterfaceOrientationPortrait;
				LD_RUNPATH_SEARCH_PATHS = (
					"$(inherited)",
					"@executable_path/Frameworks",
				);
				MARKETING_VERSION = 1.0;
				PRODUCT_BUNDLE_IDENTIFIER = com.Mostafa3la2.NewsNuggets;
				PRODUCT_NAME = "$(TARGET_NAME)";
				SWIFT_EMIT_LOC_STRINGS = YES;
				SWIFT_VERSION = 5.0;
				TARGETED_DEVICE_FAMILY = "1,2";
			};
			name = Release;
		};
		0D57EDF12B0EA187009DE125 /* Debug */ = {
			isa = XCBuildConfiguration;
			buildSettings = {
				ALWAYS_EMBED_SWIFT_STANDARD_LIBRARIES = YES;
				BUNDLE_LOADER = "$(TEST_HOST)";
				CODE_SIGN_STYLE = Automatic;
				CURRENT_PROJECT_VERSION = 1;
				DEVELOPMENT_TEAM = NC7G924HW9;
				GENERATE_INFOPLIST_FILE = YES;
				IPHONEOS_DEPLOYMENT_TARGET = 17.0;
				MARKETING_VERSION = 1.0;
				PRODUCT_BUNDLE_IDENTIFIER = com.Mostafa3la2.NewsNuggetsTests;
				PRODUCT_NAME = "$(TARGET_NAME)";
				SWIFT_EMIT_LOC_STRINGS = NO;
				SWIFT_VERSION = 5.0;
				TARGETED_DEVICE_FAMILY = "1,2";
				TEST_HOST = "$(BUILT_PRODUCTS_DIR)/NewsNuggets.app/$(BUNDLE_EXECUTABLE_FOLDER_PATH)/NewsNuggets";
			};
			name = Debug;
		};
		0D57EDF22B0EA187009DE125 /* Release */ = {
			isa = XCBuildConfiguration;
			buildSettings = {
				ALWAYS_EMBED_SWIFT_STANDARD_LIBRARIES = YES;
				BUNDLE_LOADER = "$(TEST_HOST)";
				CODE_SIGN_STYLE = Automatic;
				CURRENT_PROJECT_VERSION = 1;
				DEVELOPMENT_TEAM = NC7G924HW9;
				GENERATE_INFOPLIST_FILE = YES;
				IPHONEOS_DEPLOYMENT_TARGET = 17.0;
				MARKETING_VERSION = 1.0;
				PRODUCT_BUNDLE_IDENTIFIER = com.Mostafa3la2.NewsNuggetsTests;
				PRODUCT_NAME = "$(TARGET_NAME)";
				SWIFT_EMIT_LOC_STRINGS = NO;
				SWIFT_VERSION = 5.0;
				TARGETED_DEVICE_FAMILY = "1,2";
				TEST_HOST = "$(BUILT_PRODUCTS_DIR)/NewsNuggets.app/$(BUNDLE_EXECUTABLE_FOLDER_PATH)/NewsNuggets";
			};
			name = Release;
		};
		0D57EDF42B0EA187009DE125 /* Debug */ = {
			isa = XCBuildConfiguration;
			buildSettings = {
				ALWAYS_EMBED_SWIFT_STANDARD_LIBRARIES = YES;
				CODE_SIGN_STYLE = Automatic;
				CURRENT_PROJECT_VERSION = 1;
				DEVELOPMENT_TEAM = NC7G924HW9;
				GENERATE_INFOPLIST_FILE = YES;
				MARKETING_VERSION = 1.0;
				PRODUCT_BUNDLE_IDENTIFIER = com.Mostafa3la2.NewsNuggetsUITests;
				PRODUCT_NAME = "$(TARGET_NAME)";
				SWIFT_EMIT_LOC_STRINGS = NO;
				SWIFT_VERSION = 5.0;
				TARGETED_DEVICE_FAMILY = "1,2";
				TEST_TARGET_NAME = NewsNuggets;
			};
			name = Debug;
		};
		0D57EDF52B0EA187009DE125 /* Release */ = {
			isa = XCBuildConfiguration;
			buildSettings = {
				ALWAYS_EMBED_SWIFT_STANDARD_LIBRARIES = YES;
				CODE_SIGN_STYLE = Automatic;
				CURRENT_PROJECT_VERSION = 1;
				DEVELOPMENT_TEAM = NC7G924HW9;
				GENERATE_INFOPLIST_FILE = YES;
				MARKETING_VERSION = 1.0;
				PRODUCT_BUNDLE_IDENTIFIER = com.Mostafa3la2.NewsNuggetsUITests;
				PRODUCT_NAME = "$(TARGET_NAME)";
				SWIFT_EMIT_LOC_STRINGS = NO;
				SWIFT_VERSION = 5.0;
				TARGETED_DEVICE_FAMILY = "1,2";
				TEST_TARGET_NAME = NewsNuggets;
			};
			name = Release;
		};
/* End XCBuildConfiguration section */

/* Begin XCConfigurationList section */
		0D57EDC22B0EA185009DE125 /* Build configuration list for PBXProject "NewsNuggets" */ = {
			isa = XCConfigurationList;
			buildConfigurations = (
				0D57EDEB2B0EA187009DE125 /* Debug */,
				0D57EDEC2B0EA187009DE125 /* Release */,
			);
			defaultConfigurationIsVisible = 0;
			defaultConfigurationName = Release;
		};
		0D57EDED2B0EA187009DE125 /* Build configuration list for PBXNativeTarget "NewsNuggets" */ = {
			isa = XCConfigurationList;
			buildConfigurations = (
				0D57EDEE2B0EA187009DE125 /* Debug */,
				0D57EDEF2B0EA187009DE125 /* Release */,
			);
			defaultConfigurationIsVisible = 0;
			defaultConfigurationName = Release;
		};
		0D57EDF02B0EA187009DE125 /* Build configuration list for PBXNativeTarget "NewsNuggetsTests" */ = {
			isa = XCConfigurationList;
			buildConfigurations = (
				0D57EDF12B0EA187009DE125 /* Debug */,
				0D57EDF22B0EA187009DE125 /* Release */,
			);
			defaultConfigurationIsVisible = 0;
			defaultConfigurationName = Release;
		};
		0D57EDF32B0EA187009DE125 /* Build configuration list for PBXNativeTarget "NewsNuggetsUITests" */ = {
			isa = XCConfigurationList;
			buildConfigurations = (
				0D57EDF42B0EA187009DE125 /* Debug */,
				0D57EDF52B0EA187009DE125 /* Release */,
			);
			defaultConfigurationIsVisible = 0;
			defaultConfigurationName = Release;
		};
/* End XCConfigurationList section */
	};
	rootObject = 0D57EDBF2B0EA185009DE125 /* Project object */;
}
